// !$*UTF8*$!
{
	archiveVersion = 1;
	classes = {
	};
	objectVersion = 50;
	objects = {

/* Begin PBXBuildFile section */
		0B49076C217FC2A000DF856D /* Tpm.cpp in Sources */ = {isa = PBXBuildFile; fileRef = 0B49076A217FC2A000DF856D /* Tpm.cpp */; };
		0B49076D217FC2A000DF856D /* Tpm.hpp in Headers */ = {isa = PBXBuildFile; fileRef = 0B49076B217FC2A000DF856D /* Tpm.hpp */; };
		0B490779217FC76700DF856D /* Tpm12.cpp in Sources */ = {isa = PBXBuildFile; fileRef = 0B490777217FC76700DF856D /* Tpm12.cpp */; };
		0B49077D217FCB4700DF856D /* Tpm20.cpp in Sources */ = {isa = PBXBuildFile; fileRef = 0B49077C217FCB4700DF856D /* Tpm20.cpp */; };
		0B490788217FCD4700DF856D /* tss2_esys.h in Headers */ = {isa = PBXBuildFile; fileRef = 0B49077F217FCD4600DF856D /* tss2_esys.h */; };
		0B490789217FCD4700DF856D /* tss2_mu.h in Headers */ = {isa = PBXBuildFile; fileRef = 0B490780217FCD4600DF856D /* tss2_mu.h */; };
		0B49078A217FCD4700DF856D /* tss2_tcti_tbs.h in Headers */ = {isa = PBXBuildFile; fileRef = 0B490781217FCD4600DF856D /* tss2_tcti_tbs.h */; };
		0B49078B217FCD4700DF856D /* tss2_common.h in Headers */ = {isa = PBXBuildFile; fileRef = 0B490782217FCD4600DF856D /* tss2_common.h */; };
		0B49078C217FCD4700DF856D /* tss2_tcti_device.h in Headers */ = {isa = PBXBuildFile; fileRef = 0B490783217FCD4600DF856D /* tss2_tcti_device.h */; };
		0B49078D217FCD4700DF856D /* tss2_tpm2_types.h in Headers */ = {isa = PBXBuildFile; fileRef = 0B490784217FCD4600DF856D /* tss2_tpm2_types.h */; };
		0B49078E217FCD4700DF856D /* tss2_tcti.h in Headers */ = {isa = PBXBuildFile; fileRef = 0B490785217FCD4600DF856D /* tss2_tcti.h */; };
		0B49078F217FCD4700DF856D /* tss2_sys.h in Headers */ = {isa = PBXBuildFile; fileRef = 0B490786217FCD4600DF856D /* tss2_sys.h */; };
		0B490790217FCD4700DF856D /* tss2_tcti_mssim.h in Headers */ = {isa = PBXBuildFile; fileRef = 0B490787217FCD4600DF856D /* tss2_tcti_mssim.h */; };
/* End PBXBuildFile section */

/* Begin PBXFileReference section */
		0B490758217FC1BD00DF856D /* liblib-cpp-tpm.a */ = {isa = PBXFileReference; explicitFileType = archive.ar; includeInIndex = 0; path = "liblib-cpp-tpm.a"; sourceTree = BUILT_PRODUCTS_DIR; };
		0B49076A217FC2A000DF856D /* Tpm.cpp */ = {isa = PBXFileReference; lastKnownFileType = sourcecode.cpp.cpp; path = Tpm.cpp; sourceTree = "<group>"; };
		0B49076B217FC2A000DF856D /* Tpm.hpp */ = {isa = PBXFileReference; lastKnownFileType = sourcecode.cpp.h; path = Tpm.hpp; sourceTree = "<group>"; usesTabs = 0; };
		0B490777217FC76700DF856D /* Tpm12.cpp */ = {isa = PBXFileReference; lastKnownFileType = sourcecode.cpp.cpp; path = Tpm12.cpp; sourceTree = "<group>"; };
		0B49077C217FCB4700DF856D /* Tpm20.cpp */ = {isa = PBXFileReference; lastKnownFileType = sourcecode.cpp.cpp; path = Tpm20.cpp; sourceTree = "<group>"; };
		0B49077F217FCD4600DF856D /* tss2_esys.h */ = {isa = PBXFileReference; fileEncoding = 4; lastKnownFileType = sourcecode.c.h; path = tss2_esys.h; sourceTree = "<group>"; };
		0B490780217FCD4600DF856D /* tss2_mu.h */ = {isa = PBXFileReference; fileEncoding = 4; lastKnownFileType = sourcecode.c.h; path = tss2_mu.h; sourceTree = "<group>"; };
		0B490781217FCD4600DF856D /* tss2_tcti_tbs.h */ = {isa = PBXFileReference; fileEncoding = 4; lastKnownFileType = sourcecode.c.h; path = tss2_tcti_tbs.h; sourceTree = "<group>"; };
		0B490782217FCD4600DF856D /* tss2_common.h */ = {isa = PBXFileReference; fileEncoding = 4; lastKnownFileType = sourcecode.c.h; path = tss2_common.h; sourceTree = "<group>"; };
		0B490783217FCD4600DF856D /* tss2_tcti_device.h */ = {isa = PBXFileReference; fileEncoding = 4; lastKnownFileType = sourcecode.c.h; path = tss2_tcti_device.h; sourceTree = "<group>"; };
		0B490784217FCD4600DF856D /* tss2_tpm2_types.h */ = {isa = PBXFileReference; fileEncoding = 4; lastKnownFileType = sourcecode.c.h; path = tss2_tpm2_types.h; sourceTree = "<group>"; };
		0B490785217FCD4600DF856D /* tss2_tcti.h */ = {isa = PBXFileReference; fileEncoding = 4; lastKnownFileType = sourcecode.c.h; path = tss2_tcti.h; sourceTree = "<group>"; };
		0B490786217FCD4600DF856D /* tss2_sys.h */ = {isa = PBXFileReference; fileEncoding = 4; lastKnownFileType = sourcecode.c.h; path = tss2_sys.h; sourceTree = "<group>"; };
		0B490787217FCD4600DF856D /* tss2_tcti_mssim.h */ = {isa = PBXFileReference; fileEncoding = 4; lastKnownFileType = sourcecode.c.h; path = tss2_tcti_mssim.h; sourceTree = "<group>"; };
		0B490792217FD51400DF856D /* README.md */ = {isa = PBXFileReference; lastKnownFileType = net.daringfireball.markdown; path = README.md; sourceTree = "<group>"; };
/* End PBXFileReference section */

/* Begin PBXFrameworksBuildPhase section */
		0B490756217FC1BD00DF856D /* Frameworks */ = {
			isa = PBXFrameworksBuildPhase;
			buildActionMask = 2147483647;
			files = (
			);
			runOnlyForDeploymentPostprocessing = 0;
		};
/* End PBXFrameworksBuildPhase section */

/* Begin PBXGroup section */
		0B49074F217FC1BD00DF856D = {
			isa = PBXGroup;
			children = (
				0B490792217FD51400DF856D /* README.md */,
				0B490769217FC26B00DF856D /* include */,
				0B49075A217FC1BD00DF856D /* src */,
				0B490759217FC1BD00DF856D /* Products */,
			);
			sourceTree = "<group>";
		};
		0B490759217FC1BD00DF856D /* Products */ = {
			isa = PBXGroup;
			children = (
				0B490758217FC1BD00DF856D /* liblib-cpp-tpm.a */,
			);
			name = Products;
			sourceTree = "<group>";
		};
		0B49075A217FC1BD00DF856D /* src */ = {
			isa = PBXGroup;
			children = (
				0B49077B217FCA9D00DF856D /* linux */,
				0B49076A217FC2A000DF856D /* Tpm.cpp */,
			);
			path = src;
			sourceTree = "<group>";
		};
		0B490769217FC26B00DF856D /* include */ = {
			isa = PBXGroup;
			children = (
				0B49077E217FCD4600DF856D /* tss2 */,
				0B49076B217FC2A000DF856D /* Tpm.hpp */,
			);
			path = include;
			sourceTree = "<group>";
		};
		0B49077B217FCA9D00DF856D /* linux */ = {
			isa = PBXGroup;
			children = (
				0B490777217FC76700DF856D /* Tpm12.cpp */,
				0B49077C217FCB4700DF856D /* Tpm20.cpp */,
			);
			path = linux;
			sourceTree = "<group>";
		};
		0B49077E217FCD4600DF856D /* tss2 */ = {
			isa = PBXGroup;
			children = (
				0B49077F217FCD4600DF856D /* tss2_esys.h */,
				0B490780217FCD4600DF856D /* tss2_mu.h */,
				0B490781217FCD4600DF856D /* tss2_tcti_tbs.h */,
				0B490782217FCD4600DF856D /* tss2_common.h */,
				0B490783217FCD4600DF856D /* tss2_tcti_device.h */,
				0B490784217FCD4600DF856D /* tss2_tpm2_types.h */,
				0B490785217FCD4600DF856D /* tss2_tcti.h */,
				0B490786217FCD4600DF856D /* tss2_sys.h */,
				0B490787217FCD4600DF856D /* tss2_tcti_mssim.h */,
			);
			path = tss2;
			sourceTree = "<group>";
		};
/* End PBXGroup section */

/* Begin PBXHeadersBuildPhase section */
		0B490754217FC1BD00DF856D /* Headers */ = {
			isa = PBXHeadersBuildPhase;
			buildActionMask = 2147483647;
			files = (
				0B49078E217FCD4700DF856D /* tss2_tcti.h in Headers */,
				0B49078C217FCD4700DF856D /* tss2_tcti_device.h in Headers */,
				0B49078A217FCD4700DF856D /* tss2_tcti_tbs.h in Headers */,
				0B49078F217FCD4700DF856D /* tss2_sys.h in Headers */,
				0B490790217FCD4700DF856D /* tss2_tcti_mssim.h in Headers */,
				0B490788217FCD4700DF856D /* tss2_esys.h in Headers */,
				0B49078B217FCD4700DF856D /* tss2_common.h in Headers */,
				0B49076D217FC2A000DF856D /* Tpm.hpp in Headers */,
				0B490789217FCD4700DF856D /* tss2_mu.h in Headers */,
				0B49078D217FCD4700DF856D /* tss2_tpm2_types.h in Headers */,
			);
			runOnlyForDeploymentPostprocessing = 0;
		};
/* End PBXHeadersBuildPhase section */

/* Begin PBXNativeTarget section */
		0B490757217FC1BD00DF856D /* lib-cpp-tpm */ = {
			isa = PBXNativeTarget;
			buildConfigurationList = 0B490763217FC1BD00DF856D /* Build configuration list for PBXNativeTarget "lib-cpp-tpm" */;
			buildPhases = (
				0B490754217FC1BD00DF856D /* Headers */,
				0B490755217FC1BD00DF856D /* Sources */,
				0B490756217FC1BD00DF856D /* Frameworks */,
			);
			buildRules = (
			);
			dependencies = (
			);
			name = "lib-cpp-tpm";
			productName = "lib-cpp-tpm";
			productReference = 0B490758217FC1BD00DF856D /* liblib-cpp-tpm.a */;
			productType = "com.apple.product-type.library.static";
		};
/* End PBXNativeTarget section */

/* Begin PBXProject section */
		0B490750217FC1BD00DF856D /* Project object */ = {
			isa = PBXProject;
			attributes = {
				LastUpgradeCheck = 1000;
				ORGANIZATIONNAME = "David C Zech";
				TargetAttributes = {
					0B490757217FC1BD00DF856D = {
						CreatedOnToolsVersion = 10.0;
					};
				};
			};
			buildConfigurationList = 0B490753217FC1BD00DF856D /* Build configuration list for PBXProject "lib-cpp-tpm" */;
			compatibilityVersion = "Xcode 9.3";
			developmentRegion = en;
			hasScannedForEncodings = 0;
			knownRegions = (
				en,
			);
			mainGroup = 0B49074F217FC1BD00DF856D;
			productRefGroup = 0B490759217FC1BD00DF856D /* Products */;
			projectDirPath = "";
			projectRoot = "";
			targets = (
				0B490757217FC1BD00DF856D /* lib-cpp-tpm */,
			);
		};
/* End PBXProject section */

/* Begin PBXSourcesBuildPhase section */
		0B490755217FC1BD00DF856D /* Sources */ = {
			isa = PBXSourcesBuildPhase;
			buildActionMask = 2147483647;
			files = (
				0B490779217FC76700DF856D /* Tpm12.cpp in Sources */,
				0B49077D217FCB4700DF856D /* Tpm20.cpp in Sources */,
				0B49076C217FC2A000DF856D /* Tpm.cpp in Sources */,
			);
			runOnlyForDeploymentPostprocessing = 0;
		};
/* End PBXSourcesBuildPhase section */

/* Begin XCBuildConfiguration section */
		0B490761217FC1BD00DF856D /* Debug */ = {
			isa = XCBuildConfiguration;
			buildSettings = {
				ALWAYS_SEARCH_USER_PATHS = NO;
				CLANG_ANALYZER_NONNULL = YES;
				CLANG_ANALYZER_NUMBER_OBJECT_CONVERSION = YES_AGGRESSIVE;
				CLANG_CXX_LANGUAGE_STANDARD = "gnu++17";
				CLANG_CXX_LIBRARY = "libc++";
				CLANG_ENABLE_MODULES = YES;
				CLANG_ENABLE_OBJC_ARC = YES;
				CLANG_ENABLE_OBJC_WEAK = YES;
				CLANG_WARN_BLOCK_CAPTURE_AUTORELEASING = YES;
				CLANG_WARN_BOOL_CONVERSION = YES;
				CLANG_WARN_COMMA = YES;
				CLANG_WARN_CONSTANT_CONVERSION = YES;
				CLANG_WARN_DEPRECATED_OBJC_IMPLEMENTATIONS = YES;
				CLANG_WARN_DIRECT_OBJC_ISA_USAGE = YES_ERROR;
				CLANG_WARN_DOCUMENTATION_COMMENTS = YES;
				CLANG_WARN_EMPTY_BODY = YES;
				CLANG_WARN_ENUM_CONVERSION = YES;
				CLANG_WARN_INFINITE_RECURSION = YES;
				CLANG_WARN_INT_CONVERSION = YES;
				CLANG_WARN_NON_LITERAL_NULL_CONVERSION = YES;
				CLANG_WARN_OBJC_IMPLICIT_RETAIN_SELF = YES;
				CLANG_WARN_OBJC_LITERAL_CONVERSION = YES;
				CLANG_WARN_OBJC_ROOT_CLASS = YES_ERROR;
				CLANG_WARN_RANGE_LOOP_ANALYSIS = YES;
				CLANG_WARN_STRICT_PROTOTYPES = YES;
				CLANG_WARN_SUSPICIOUS_MOVE = YES;
				CLANG_WARN_UNGUARDED_AVAILABILITY = YES_AGGRESSIVE;
				CLANG_WARN_UNREACHABLE_CODE = YES;
				CLANG_WARN__DUPLICATE_METHOD_MATCH = YES;
				CODE_SIGN_IDENTITY = "-";
				COPY_PHASE_STRIP = NO;
				DEBUG_INFORMATION_FORMAT = dwarf;
				ENABLE_STRICT_OBJC_MSGSEND = YES;
				ENABLE_TESTABILITY = YES;
				GCC_C_LANGUAGE_STANDARD = gnu11;
				GCC_DYNAMIC_NO_PIC = NO;
				GCC_NO_COMMON_BLOCKS = YES;
				GCC_OPTIMIZATION_LEVEL = 0;
				GCC_PREPROCESSOR_DEFINITIONS = (
					"DEBUG=1",
					"$(inherited)",
				);
				GCC_WARN_64_TO_32_BIT_CONVERSION = YES;
				GCC_WARN_ABOUT_RETURN_TYPE = YES_ERROR;
				GCC_WARN_UNDECLARED_SELECTOR = YES;
				GCC_WARN_UNINITIALIZED_AUTOS = YES_AGGRESSIVE;
				GCC_WARN_UNUSED_FUNCTION = YES;
				GCC_WARN_UNUSED_VARIABLE = YES;
				"HEADER_SEARCH_PATHS[arch=*]" = "${SRCROOT}/include";
				MACOSX_DEPLOYMENT_TARGET = 10.14;
				MTL_ENABLE_DEBUG_INFO = INCLUDE_SOURCE;
				MTL_FAST_MATH = YES;
				ONLY_ACTIVE_ARCH = YES;
				SDKROOT = macosx;
			};
			name = Debug;
		};
		0B490762217FC1BD00DF856D /* Release */ = {
			isa = XCBuildConfiguration;
			buildSettings = {
				ALWAYS_SEARCH_USER_PATHS = NO;
				CLANG_ANALYZER_NONNULL = YES;
				CLANG_ANALYZER_NUMBER_OBJECT_CONVERSION = YES_AGGRESSIVE;
				CLANG_CXX_LANGUAGE_STANDARD = "gnu++17";
				CLANG_CXX_LIBRARY = "libc++";
				CLANG_ENABLE_MODULES = YES;
				CLANG_ENABLE_OBJC_ARC = YES;
				CLANG_ENABLE_OBJC_WEAK = YES;
				CLANG_WARN_BLOCK_CAPTURE_AUTORELEASING = YES;
				CLANG_WARN_BOOL_CONVERSION = YES;
				CLANG_WARN_COMMA = YES;
				CLANG_WARN_CONSTANT_CONVERSION = YES;
				CLANG_WARN_DEPRECATED_OBJC_IMPLEMENTATIONS = YES;
				CLANG_WARN_DIRECT_OBJC_ISA_USAGE = YES_ERROR;
				CLANG_WARN_DOCUMENTATION_COMMENTS = YES;
				CLANG_WARN_EMPTY_BODY = YES;
				CLANG_WARN_ENUM_CONVERSION = YES;
				CLANG_WARN_INFINITE_RECURSION = YES;
				CLANG_WARN_INT_CONVERSION = YES;
				CLANG_WARN_NON_LITERAL_NULL_CONVERSION = YES;
				CLANG_WARN_OBJC_IMPLICIT_RETAIN_SELF = YES;
				CLANG_WARN_OBJC_LITERAL_CONVERSION = YES;
				CLANG_WARN_OBJC_ROOT_CLASS = YES_ERROR;
				CLANG_WARN_RANGE_LOOP_ANALYSIS = YES;
				CLANG_WARN_STRICT_PROTOTYPES = YES;
				CLANG_WARN_SUSPICIOUS_MOVE = YES;
				CLANG_WARN_UNGUARDED_AVAILABILITY = YES_AGGRESSIVE;
				CLANG_WARN_UNREACHABLE_CODE = YES;
				CLANG_WARN__DUPLICATE_METHOD_MATCH = YES;
				CODE_SIGN_IDENTITY = "-";
				COPY_PHASE_STRIP = NO;
				DEBUG_INFORMATION_FORMAT = "dwarf-with-dsym";
				ENABLE_NS_ASSERTIONS = NO;
				ENABLE_STRICT_OBJC_MSGSEND = YES;
				GCC_C_LANGUAGE_STANDARD = gnu11;
				GCC_NO_COMMON_BLOCKS = YES;
				GCC_WARN_64_TO_32_BIT_CONVERSION = YES;
				GCC_WARN_ABOUT_RETURN_TYPE = YES_ERROR;
				GCC_WARN_UNDECLARED_SELECTOR = YES;
				GCC_WARN_UNINITIALIZED_AUTOS = YES_AGGRESSIVE;
				GCC_WARN_UNUSED_FUNCTION = YES;
				GCC_WARN_UNUSED_VARIABLE = YES;
				"HEADER_SEARCH_PATHS[arch=*]" = "${SRCROOT}/include";
				MACOSX_DEPLOYMENT_TARGET = 10.14;
				MTL_ENABLE_DEBUG_INFO = NO;
				MTL_FAST_MATH = YES;
				SDKROOT = macosx;
			};
			name = Release;
		};
		0B490764217FC1BD00DF856D /* Debug */ = {
			isa = XCBuildConfiguration;
			buildSettings = {
				CODE_SIGN_STYLE = Automatic;
				EXECUTABLE_PREFIX = lib;
				GCC_ENABLE_CPP_EXCEPTIONS = YES;
				GCC_ENABLE_CPP_RTTI = YES;
				PRODUCT_NAME = "$(TARGET_NAME)";
				SKIP_INSTALL = YES;
			};
			name = Debug;
		};
		0B490765217FC1BD00DF856D /* Release */ = {
			isa = XCBuildConfiguration;
			buildSettings = {
				CODE_SIGN_STYLE = Automatic;
				EXECUTABLE_PREFIX = lib;
				GCC_ENABLE_CPP_EXCEPTIONS = YES;
				GCC_ENABLE_CPP_RTTI = YES;
				PRODUCT_NAME = "$(TARGET_NAME)";
				SKIP_INSTALL = YES;
			};
			name = Release;
		};
/* End XCBuildConfiguration section */

/* Begin XCConfigurationList section */
		0B490753217FC1BD00DF856D /* Build configuration list for PBXProject "lib-cpp-tpm" */ = {
			isa = XCConfigurationList;
			buildConfigurations = (
				0B490761217FC1BD00DF856D /* Debug */,
				0B490762217FC1BD00DF856D /* Release */,
			);
			defaultConfigurationIsVisible = 0;
			defaultConfigurationName = Release;
		};
		0B490763217FC1BD00DF856D /* Build configuration list for PBXNativeTarget "lib-cpp-tpm" */ = {
			isa = XCConfigurationList;
			buildConfigurations = (
				0B490764217FC1BD00DF856D /* Debug */,
				0B490765217FC1BD00DF856D /* Release */,
			);
			defaultConfigurationIsVisible = 0;
			defaultConfigurationName = Release;
		};
/* End XCConfigurationList section */
	};
	rootObject = 0B490750217FC1BD00DF856D /* Project object */;
}
